
Microsoft Visual Studio Solution File, Format Version 12.00
# Visual Studio Version 16
VisualStudioVersion = 16.0.31702.278
MinimumVisualStudioVersion = 10.0.40219.1
Project("{8BC9CEB8-8B4A-11D0-8D11-00A0C91BC942}") = "11_11", "11_11\11_11.vcxproj", "{ACB771CA-C405-45D9-9720-D635CC226598}"
EndProject
Global
	GlobalSection(SolutionConfigurationPlatforms) = preSolution
		Debug|x64 = Debug|x64
		Debug|x86 = Debug|x86
		Release|x64 = Release|x64
		Release|x86 = Release|x86
	EndGlobalSection
	GlobalSection(ProjectConfigurationPlatforms) = postSolution
		{ACB771CA-C405-45D9-9720-D635CC226598}.Debug|x64.ActiveCfg = Debug|x64
		{ACB771CA-C405-45D9-9720-D635CC226598}.Debug|x64.Build.0 = Debug|x64
		{ACB771CA-C405-45D9-9720-D635CC226598}.Debug|x86.ActiveCfg = Debug|Win32
		{ACB771CA-C405-45D9-9720-D635CC226598}.Debug|x86.Build.0 = Debug|Win32
		{ACB771CA-C405-45D9-9720-D635CC226598}.Release|x64.ActiveCfg = Release|x64
		{ACB771CA-C405-45D9-9720-D635CC226598}.Release|x64.Build.0 = Release|x64
		{ACB771CA-C405-45D9-9720-D635CC226598}.Release|x86.ActiveCfg = Release|Win32
		{ACB771CA-C405-45D9-9720-D635CC226598}.Release|x86.Build.0 = Release|Win32
	EndGlobalSection
	GlobalSection(SolutionProperties) = preSolution
		HideSolutionNode = FALSE
	EndGlobalSection
	GlobalSection(ExtensibilityGlobals) = postSolution
		SolutionGuid = {A3FE3C14-BD5F-408C-9E35-33E23F209359}
	EndGlobalSection
EndGlobal
